{
  "name": "Meetly",
  "lockfileVersion": 3,
  "requires": true,
  "packages": {
    "node_modules/.pnpm/classnames@2.5.1/node_modules/classnames": {
      "version": "2.5.1",
      "extraneous": true,
      "license": "MIT",
      "devDependencies": {
        "@rollup/plugin-commonjs": "^25.0.7",
        "@rollup/plugin-json": "^6.1.0",
        "@rollup/plugin-node-resolve": "^15.2.3",
        "classnames-local": "file:.",
        "classnames-npm": "npm:classnames@*",
        "http-server": "^14.1.1",
        "markdown-table": "^3.0.3",
        "rollup": "^4.9.1",
        "tinybench": "^2.5.1",
        "tsd": "^0.30.1"
      }
    }
  }
}
