lockfileVersion: '9.0'

settings:
  autoInstallPeers: true
  excludeLinksFromLockfile: false

importers:

  .:
    dependencies:
      rc-slider:
        specifier: ^11.1.9
        version: 11.1.9(react-dom@19.3.0(react@19.3.0))(react@19.3.0)

packages:

  '@babel/runtime@7.29.7':
    resolution: {integrity: sha512-Nq8OhGWiZIZGV6hLHoyAKLLcJihP/xFeBMGJoUrxTX2psI8dCifzLhZISFb+VWS3wFMRDmCGw5R+dOySCqPLhw==}
    engines: {node: '>=6.9.0'}

  classnames@2.5.1:
    resolution: {integrity: sha512-saHYOzhIQs6wy2sVxTM6bUDsQO4F50V9RQ22qBpEdCW+I+/Wmke2HOl6lS6dTpdxVhb88/I6+Hs+438c3lfUow==}

  rc-slider@11.1.9:
    resolution: {integrity: sha512-h8IknhzSh3FEM9u8ivkskh+Ef4Yo4JRIY2nj7MrH6GQmrwV6mcpJf5/4KgH5JaVI1H3E52yCdpOlVyGZIeph5A==}
    engines: {node: '>=8.x'}
    peerDependencies:
      react: '>=16.9.0'
      react-dom: '>=16.9.0'

  rc-util@5.44.4:
    resolution: {integrity: sha512-resueRJzmHG9Q6rI/DfK6Kdv9/Lfls05vzMs1Sk3M2P+3cJa+MakaZyWY8IPfehVuhPJFKrIY1IK4GqbiaiY5w==}
    peerDependencies:
      react: '>=16.9.0'
      react-dom: '>=16.9.0'

  react-dom@19.3.0:
    resolution: {integrity: sha512-JDk8dgif51OjFoDE70+OT9ICyYr+69HlmihNwp1+Nsfbna3t5sIiCa9ZJktDmQ4/1b/rn26hIAR2uYXDMr5r0Q==}
    peerDependencies:
      react: ^19.3.0

  react-is@18.3.1:
    resolution: {integrity: sha512-/LLMVyas0ljjAtoYiPqYiL8VWXzUUdThrmU5+n20DZv+a+ClRoevUzw5JxU+Ieh5/c87ytoTBV9G1FiKfNJdmg==}

  react@19.3.0:
    resolution: {integrity: sha512-E8LUcbtBWt20bbl2YoHfx4ZDBdxVTfOKtCZn9cDSJ4l6/nuoApcpIBcj47t2wZoVX8g2ZHuMHbiShgCR1T5Sog==}
    engines: {node: '>=0.10.0'}

  scheduler@0.28.0:
    resolution: {integrity: sha512-juorfCmIkIw8tT+p5BXSm6PJjQF/ycEYmKyzURCIt/RaZIhL+PulbQ9Yu2z1HdOJDdqDTlxA1+xKBmHXJsczAw==}

snapshots:

  '@babel/runtime@7.29.7': {}

  classnames@2.5.1: {}

  rc-slider@11.1.9(react-dom@19.3.0(react@19.3.0))(react@19.3.0):
    dependencies:
      '@babel/runtime': 7.29.7
      classnames: 2.5.1
      rc-util: 5.44.4(react-dom@19.3.0(react@19.3.0))(react@19.3.0)
      react: 19.3.0
      react-dom: 19.3.0(react@19.3.0)

  rc-util@5.44.4(react-dom@19.3.0(react@19.3.0))(react@19.3.0):
    dependencies:
      '@babel/runtime': 7.29.7
      react: 19.3.0
      react-dom: 19.3.0(react@19.3.0)
      react-is: 18.3.1

  react-dom@19.3.0(react@19.3.0):
    dependencies:
      react: 19.3.0
      scheduler: 0.28.0

  react-is@18.3.1: {}

  react@19.3.0: {}

  scheduler@0.28.0: {}
